
Microsoft Visual Studio Solution File, Format Version 12.00
# Visual Studio Version 16
VisualStudioVersion = 16.0.30114.105
MinimumVisualStudioVersion = 10.0.40219.1
Project("{FAE04EC0-301F-11D3-BF4B-00C04F79EFBC}") = "VirtualContestGenerator", "VirtualContestGenerator\VirtualContestGenerator.csproj", "{2FD7807D-9387-42DA-B426-B0DD877FEB90}"
EndProject
Global
	GlobalSection(SolutionConfigurationPlatforms) = preSolution
		Debug|Any CPU = Debug|Any CPU
		Release|Any CPU = Release|Any CPU
	EndGlobalSection
	GlobalSection(ProjectConfigurationPlatforms) = postSolution
		{2FD7807D-9387-42DA-B426-B0DD877FEB90}.Debug|Any CPU.ActiveCfg = Debug|Any CPU
		{2FD7807D-9387-42DA-B426-B0DD877FEB90}.Debug|Any CPU.Build.0 = Debug|Any CPU
		{2FD7807D-9387-42DA-B426-B0DD877FEB90}.Release|Any CPU.ActiveCfg = Release|Any CPU
		{2FD7807D-9387-42DA-B426-B0DD877FEB90}.Release|Any CPU.Build.0 = Release|Any CPU
	EndGlobalSection
	GlobalSection(SolutionProperties) = preSolution
		HideSolutionNode = FALSE
	EndGlobalSection
	GlobalSection(ExtensibilityGlobals) = postSolution
		SolutionGuid = {7FB9A12F-9237-4AA4-9118-1D269E1E9B31}
	EndGlobalSection
EndGlobal
